
Microsoft Visual Studio Solution File, Format Version 12.00
# Visual Studio Version 17
VisualStudioVersion = 17.8.34525.116
MinimumVisualStudioVersion = 10.0.40219.1
Project("{FAE04EC0-301F-11D3-BF4B-00C04F79EFBC}") = "ShapeLib", "FirstCaseWithShape\ShapeLib.csproj", "{5BB9FD84-5421-4F8C-9684-2C0A7A79AE56}"
EndProject
Project("{FAE04EC0-301F-11D3-BF4B-00C04F79EFBC}") = "ShapeLib.Test", "ShapeLib.Test\ShapeLib.Test.csproj", "{AA63F65B-F158-482C-B617-AC50BE32C1BF}"
EndProject
Project("{2150E333-8FDC-42A3-9474-1A3956D46DE8}") = "Элементы решения", "Элементы решения", "{58A3B394-0711-487E-B526-8767C1CE1A30}"
	ProjectSection(SolutionItems) = preProject
		Readme.md = Readme.md
	EndProjectSection
EndProject
Global
	GlobalSection(SolutionConfigurationPlatforms) = preSolution
		Debug|Any CPU = Debug|Any CPU
		Release|Any CPU = Release|Any CPU
	EndGlobalSection
	GlobalSection(ProjectConfigurationPlatforms) = postSolution
		{5BB9FD84-5421-4F8C-9684-2C0A7A79AE56}.Debug|Any CPU.ActiveCfg = Debug|Any CPU
		{5BB9FD84-5421-4F8C-9684-2C0A7A79AE56}.Debug|Any CPU.Build.0 = Debug|Any CPU
		{5BB9FD84-5421-4F8C-9684-2C0A7A79AE56}.Release|Any CPU.ActiveCfg = Release|Any CPU
		{5BB9FD84-5421-4F8C-9684-2C0A7A79AE56}.Release|Any CPU.Build.0 = Release|Any CPU
		{AA63F65B-F158-482C-B617-AC50BE32C1BF}.Debug|Any CPU.ActiveCfg = Debug|Any CPU
		{AA63F65B-F158-482C-B617-AC50BE32C1BF}.Debug|Any CPU.Build.0 = Debug|Any CPU
		{AA63F65B-F158-482C-B617-AC50BE32C1BF}.Release|Any CPU.ActiveCfg = Release|Any CPU
		{AA63F65B-F158-482C-B617-AC50BE32C1BF}.Release|Any CPU.Build.0 = Release|Any CPU
	EndGlobalSection
	GlobalSection(SolutionProperties) = preSolution
		HideSolutionNode = FALSE
	EndGlobalSection
	GlobalSection(ExtensibilityGlobals) = postSolution
		SolutionGuid = {12B99A54-79D4-4C98-A8B3-E984E4BF93AE}
	EndGlobalSection
EndGlobal
